{
  "name": "repo-context",
  "version": "0.0.0",
  "lockfileVersion": 3,
  "requires": true,
  "packages": {
    "": {
      "name": "repo-context",
      "version": "0.0.0",
      "license": "UNLICENSED",
      "bin": {
        "ctx": "tools/context/ctx.mjs"
      },
      "engines": {
        "node": ">=20"
      }
    }
  }
}
